
Microsoft Visual Studio Solution File, Format Version 12.00
# Visual Studio Version 17
VisualStudioVersion = 17.6.33829.357
MinimumVisualStudioVersion = 10.0.40219.1
Project("{9A19103F-16F7-4668-BE54-9A1E7A4F7556}") = "WebService", "WebService\WebService.csproj", "{319BFE13-8850-4844-A92F-35A3A7C1148B}"
EndProject
Project("{9A19103F-16F7-4668-BE54-9A1E7A4F7556}") = "IdentityModule", "IdentityModule\IdentityModule.csproj", "{D33630CD-2A28-465A-8BDA-DC21BB725F4D}"
EndProject
Project("{9A19103F-16F7-4668-BE54-9A1E7A4F7556}") = "BaseModule", "BaseModule\BaseModule.csproj", "{E05790E7-5A22-420E-BA82-AC2CF08FFE71}"
EndProject
Project("{9A19103F-16F7-4668-BE54-9A1E7A4F7556}") = "CommonModule", "CommonModule\CommonModule.csproj", "{674964C2-37E7-4788-88D5-2526A29DBB8C}"
EndProject
Project("{9A19103F-16F7-4668-BE54-9A1E7A4F7556}") = "BlobModule", "BlobModule\BlobModule.csproj", "{84861CBB-330D-4470-9737-1D44E447E00E}"
EndProject
Project("{9A19103F-16F7-4668-BE54-9A1E7A4F7556}") = "EmailModule", "EmailModule\EmailModule.csproj", "{4CF6F0D4-85B7-41EF-84B3-51FCDB5613A2}"
EndProject
Project("{9A19103F-16F7-4668-BE54-9A1E7A4F7556}") = "LanguageModule", "LanguageModule\LanguageModule.csproj", "{A481C939-C2EB-4923-8874-76CE854FF012}"
EndProject
Project("{9A19103F-16F7-4668-BE54-9A1E7A4F7556}") = "NotificationModule", "NotificationModule\NotificationModule.csproj", "{4B934BBA-143D-49BE-A1E2-DED1D8F92FF6}"
EndProject
Project("{2150E333-8FDC-42A3-9474-1A3956D46DE8}") = "CoreModules", "CoreModules", "{C73863BE-611E-479D-90C6-25D5FFE4AA88}"
EndProject
Project("{2150E333-8FDC-42A3-9474-1A3956D46DE8}") = "SharedModules", "SharedModules", "{C1AFCDEE-4E74-4CF1-B831-84D53FE7C368}"
EndProject
Project("{2150E333-8FDC-42A3-9474-1A3956D46DE8}") = "BusinessModules", "BusinessModules", "{437A8F93-31B5-4D10-9FAC-CDA1EFDC6F8D}"
EndProject
Project("{9A19103F-16F7-4668-BE54-9A1E7A4F7556}") = "ProductSearchCriteriaModule", "ProductSearchCriteriaModule\ProductSearchCriteriaModule.csproj", "{C66EFC98-77B0-462B-A5B7-8E8CE6213DEB}"
EndProject
Project("{FAE04EC0-301F-11D3-BF4B-00C04F79EFBC}") = "ProductDirectory.Domain", "ProductDirectory.Domain\ProductDirectory.Domain.csproj", "{15A2305F-FDC5-4220-B3F1-500C6F051C49}"
EndProject
Project("{FAE04EC0-301F-11D3-BF4B-00C04F79EFBC}") = "Base.Domain", "Base.Domain\Base.Domain.csproj", "{5A98FDBA-DB4B-4030-83F1-D2E5EE0DE105}"
EndProject
Project("{FAE04EC0-301F-11D3-BF4B-00C04F79EFBC}") = "Base.Application", "Base.Application\Base.Application.csproj", "{F2EA9971-E043-4DB5-8E4F-445358892C33}"
EndProject
Project("{FAE04EC0-301F-11D3-BF4B-00C04F79EFBC}") = "Base.Infrastructure", "Base.Infrastructure\Base.Infrastructure.csproj", "{2E8BEB50-84BD-40FC-81E1-4ACDE368093F}"
EndProject
Project("{FAE04EC0-301F-11D3-BF4B-00C04F79EFBC}") = "Base.Shared", "Common.Infrastructure\Base.Shared.csproj", "{2B156351-4968-4772-A490-CF0BC8760FDF}"
EndProject
Global
	GlobalSection(SolutionConfigurationPlatforms) = preSolution
		Debug|Any CPU = Debug|Any CPU
		Release|Any CPU = Release|Any CPU
	EndGlobalSection
	GlobalSection(ProjectConfigurationPlatforms) = postSolution
		{319BFE13-8850-4844-A92F-35A3A7C1148B}.Debug|Any CPU.ActiveCfg = Debug|Any CPU
		{319BFE13-8850-4844-A92F-35A3A7C1148B}.Debug|Any CPU.Build.0 = Debug|Any CPU
		{319BFE13-8850-4844-A92F-35A3A7C1148B}.Release|Any CPU.ActiveCfg = Release|Any CPU
		{319BFE13-8850-4844-A92F-35A3A7C1148B}.Release|Any CPU.Build.0 = Release|Any CPU
		{D33630CD-2A28-465A-8BDA-DC21BB725F4D}.Debug|Any CPU.ActiveCfg = Debug|Any CPU
		{D33630CD-2A28-465A-8BDA-DC21BB725F4D}.Debug|Any CPU.Build.0 = Debug|Any CPU
		{D33630CD-2A28-465A-8BDA-DC21BB725F4D}.Release|Any CPU.ActiveCfg = Release|Any CPU
		{D33630CD-2A28-465A-8BDA-DC21BB725F4D}.Release|Any CPU.Build.0 = Release|Any CPU
		{E05790E7-5A22-420E-BA82-AC2CF08FFE71}.Debug|Any CPU.ActiveCfg = Debug|Any CPU
		{E05790E7-5A22-420E-BA82-AC2CF08FFE71}.Debug|Any CPU.Build.0 = Debug|Any CPU
		{E05790E7-5A22-420E-BA82-AC2CF08FFE71}.Release|Any CPU.ActiveCfg = Release|Any CPU
		{E05790E7-5A22-420E-BA82-AC2CF08FFE71}.Release|Any CPU.Build.0 = Release|Any CPU
		{674964C2-37E7-4788-88D5-2526A29DBB8C}.Debug|Any CPU.ActiveCfg = Debug|Any CPU
		{674964C2-37E7-4788-88D5-2526A29DBB8C}.Debug|Any CPU.Build.0 = Debug|Any CPU
		{674964C2-37E7-4788-88D5-2526A29DBB8C}.Release|Any CPU.ActiveCfg = Release|Any CPU
		{674964C2-37E7-4788-88D5-2526A29DBB8C}.Release|Any CPU.Build.0 = Release|Any CPU
		{84861CBB-330D-4470-9737-1D44E447E00E}.Debug|Any CPU.ActiveCfg = Debug|Any CPU
		{84861CBB-330D-4470-9737-1D44E447E00E}.Debug|Any CPU.Build.0 = Debug|Any CPU
		{84861CBB-330D-4470-9737-1D44E447E00E}.Release|Any CPU.ActiveCfg = Release|Any CPU
		{84861CBB-330D-4470-9737-1D44E447E00E}.Release|Any CPU.Build.0 = Release|Any CPU
		{4CF6F0D4-85B7-41EF-84B3-51FCDB5613A2}.Debug|Any CPU.ActiveCfg = Debug|Any CPU
		{4CF6F0D4-85B7-41EF-84B3-51FCDB5613A2}.Debug|Any CPU.Build.0 = Debug|Any CPU
		{4CF6F0D4-85B7-41EF-84B3-51FCDB5613A2}.Release|Any CPU.ActiveCfg = Release|Any CPU
		{4CF6F0D4-85B7-41EF-84B3-51FCDB5613A2}.Release|Any CPU.Build.0 = Release|Any CPU
		{A481C939-C2EB-4923-8874-76CE854FF012}.Debug|Any CPU.ActiveCfg = Debug|Any CPU
		{A481C939-C2EB-4923-8874-76CE854FF012}.Debug|Any CPU.Build.0 = Debug|Any CPU
		{A481C939-C2EB-4923-8874-76CE854FF012}.Release|Any CPU.ActiveCfg = Release|Any CPU
		{A481C939-C2EB-4923-8874-76CE854FF012}.Release|Any CPU.Build.0 = Release|Any CPU
		{4B934BBA-143D-49BE-A1E2-DED1D8F92FF6}.Debug|Any CPU.ActiveCfg = Debug|Any CPU
		{4B934BBA-143D-49BE-A1E2-DED1D8F92FF6}.Debug|Any CPU.Build.0 = Debug|Any CPU
		{4B934BBA-143D-49BE-A1E2-DED1D8F92FF6}.Release|Any CPU.ActiveCfg = Release|Any CPU
		{4B934BBA-143D-49BE-A1E2-DED1D8F92FF6}.Release|Any CPU.Build.0 = Release|Any CPU
		{C66EFC98-77B0-462B-A5B7-8E8CE6213DEB}.Debug|Any CPU.ActiveCfg = Debug|Any CPU
		{C66EFC98-77B0-462B-A5B7-8E8CE6213DEB}.Debug|Any CPU.Build.0 = Debug|Any CPU
		{C66EFC98-77B0-462B-A5B7-8E8CE6213DEB}.Release|Any CPU.ActiveCfg = Release|Any CPU
		{C66EFC98-77B0-462B-A5B7-8E8CE6213DEB}.Release|Any CPU.Build.0 = Release|Any CPU
		{15A2305F-FDC5-4220-B3F1-500C6F051C49}.Debug|Any CPU.ActiveCfg = Debug|Any CPU
		{15A2305F-FDC5-4220-B3F1-500C6F051C49}.Debug|Any CPU.Build.0 = Debug|Any CPU
		{15A2305F-FDC5-4220-B3F1-500C6F051C49}.Release|Any CPU.ActiveCfg = Release|Any CPU
		{15A2305F-FDC5-4220-B3F1-500C6F051C49}.Release|Any CPU.Build.0 = Release|Any CPU
		{5A98FDBA-DB4B-4030-83F1-D2E5EE0DE105}.Debug|Any CPU.ActiveCfg = Debug|Any CPU
		{5A98FDBA-DB4B-4030-83F1-D2E5EE0DE105}.Debug|Any CPU.Build.0 = Debug|Any CPU
		{5A98FDBA-DB4B-4030-83F1-D2E5EE0DE105}.Release|Any CPU.ActiveCfg = Release|Any CPU
		{5A98FDBA-DB4B-4030-83F1-D2E5EE0DE105}.Release|Any CPU.Build.0 = Release|Any CPU
		{F2EA9971-E043-4DB5-8E4F-445358892C33}.Debug|Any CPU.ActiveCfg = Debug|Any CPU
		{F2EA9971-E043-4DB5-8E4F-445358892C33}.Debug|Any CPU.Build.0 = Debug|Any CPU
		{F2EA9971-E043-4DB5-8E4F-445358892C33}.Release|Any CPU.ActiveCfg = Release|Any CPU
		{F2EA9971-E043-4DB5-8E4F-445358892C33}.Release|Any CPU.Build.0 = Release|Any CPU
		{2E8BEB50-84BD-40FC-81E1-4ACDE368093F}.Debug|Any CPU.ActiveCfg = Debug|Any CPU
		{2E8BEB50-84BD-40FC-81E1-4ACDE368093F}.Debug|Any CPU.Build.0 = Debug|Any CPU
		{2E8BEB50-84BD-40FC-81E1-4ACDE368093F}.Release|Any CPU.ActiveCfg = Release|Any CPU
		{2E8BEB50-84BD-40FC-81E1-4ACDE368093F}.Release|Any CPU.Build.0 = Release|Any CPU
		{2B156351-4968-4772-A490-CF0BC8760FDF}.Debug|Any CPU.ActiveCfg = Debug|Any CPU
		{2B156351-4968-4772-A490-CF0BC8760FDF}.Debug|Any CPU.Build.0 = Debug|Any CPU
		{2B156351-4968-4772-A490-CF0BC8760FDF}.Release|Any CPU.ActiveCfg = Release|Any CPU
		{2B156351-4968-4772-A490-CF0BC8760FDF}.Release|Any CPU.Build.0 = Release|Any CPU
	EndGlobalSection
	GlobalSection(SolutionProperties) = preSolution
		HideSolutionNode = FALSE
	EndGlobalSection
	GlobalSection(NestedProjects) = preSolution
		{D33630CD-2A28-465A-8BDA-DC21BB725F4D} = {C73863BE-611E-479D-90C6-25D5FFE4AA88}
		{E05790E7-5A22-420E-BA82-AC2CF08FFE71} = {C1AFCDEE-4E74-4CF1-B831-84D53FE7C368}
		{674964C2-37E7-4788-88D5-2526A29DBB8C} = {C1AFCDEE-4E74-4CF1-B831-84D53FE7C368}
		{84861CBB-330D-4470-9737-1D44E447E00E} = {C73863BE-611E-479D-90C6-25D5FFE4AA88}
		{4CF6F0D4-85B7-41EF-84B3-51FCDB5613A2} = {C73863BE-611E-479D-90C6-25D5FFE4AA88}
		{A481C939-C2EB-4923-8874-76CE854FF012} = {C73863BE-611E-479D-90C6-25D5FFE4AA88}
		{4B934BBA-143D-49BE-A1E2-DED1D8F92FF6} = {C73863BE-611E-479D-90C6-25D5FFE4AA88}
		{C66EFC98-77B0-462B-A5B7-8E8CE6213DEB} = {437A8F93-31B5-4D10-9FAC-CDA1EFDC6F8D}
		{15A2305F-FDC5-4220-B3F1-500C6F051C49} = {437A8F93-31B5-4D10-9FAC-CDA1EFDC6F8D}
		{5A98FDBA-DB4B-4030-83F1-D2E5EE0DE105} = {C1AFCDEE-4E74-4CF1-B831-84D53FE7C368}
		{F2EA9971-E043-4DB5-8E4F-445358892C33} = {C1AFCDEE-4E74-4CF1-B831-84D53FE7C368}
		{2E8BEB50-84BD-40FC-81E1-4ACDE368093F} = {C1AFCDEE-4E74-4CF1-B831-84D53FE7C368}
		{2B156351-4968-4772-A490-CF0BC8760FDF} = {C1AFCDEE-4E74-4CF1-B831-84D53FE7C368}
	EndGlobalSection
	GlobalSection(ExtensibilityGlobals) = postSolution
		SolutionGuid = {EB70096C-560D-49A7-A8FD-667045E6B7CE}
	EndGlobalSection
EndGlobal
