
Microsoft Visual Studio Solution File, Format Version 12.00
# Visual Studio Version 17
VisualStudioVersion = 17.6.33829.357
MinimumVisualStudioVersion = 10.0.40219.1
Project("{9A19103F-16F7-4668-BE54-9A1E7A4F7556}") = "WebService", "WebService\WebService.csproj", "{319BFE13-8850-4844-A92F-35A3A7C1148B}"
EndProject
Project("{2150E333-8FDC-42A3-9474-1A3956D46DE8}") = "CoreModules", "CoreModules", "{C73863BE-611E-479D-90C6-25D5FFE4AA88}"
EndProject
Project("{2150E333-8FDC-42A3-9474-1A3956D46DE8}") = "SharedModules", "SharedModules", "{C1AFCDEE-4E74-4CF1-B831-84D53FE7C368}"
EndProject
Project("{9A19103F-16F7-4668-BE54-9A1E7A4F7556}") = "Base.Domain", "Base.Domain\Base.Domain.csproj", "{5A98FDBA-DB4B-4030-83F1-D2E5EE0DE105}"
EndProject
Project("{9A19103F-16F7-4668-BE54-9A1E7A4F7556}") = "Base.Application", "Base.Application\Base.Application.csproj", "{F2EA9971-E043-4DB5-8E4F-445358892C33}"
EndProject
Project("{9A19103F-16F7-4668-BE54-9A1E7A4F7556}") = "Base.Infrastructure", "Base.Infrastructure\Base.Infrastructure.csproj", "{2E8BEB50-84BD-40FC-81E1-4ACDE368093F}"
EndProject
Project("{9A19103F-16F7-4668-BE54-9A1E7A4F7556}") = "Base.Shared", "Common.Infrastructure\Base.Shared.csproj", "{2B156351-4968-4772-A490-CF0BC8760FDF}"
EndProject
Project("{9A19103F-16F7-4668-BE54-9A1E7A4F7556}") = "Blob.Domain", "Blob.Domain\Blob.Domain.csproj", "{46D6C789-3892-4B4D-811E-C9AF5179AD12}"
EndProject
Project("{9A19103F-16F7-4668-BE54-9A1E7A4F7556}") = "Blob.Application", "Blob.Application\Blob.Application.csproj", "{30A53695-8B0D-4CAC-9459-0484357BC418}"
EndProject
Project("{9A19103F-16F7-4668-BE54-9A1E7A4F7556}") = "Blob.Infrastructure", "Blob.Infrastructure\Blob.Infrastructure.csproj", "{6DF98CF9-3DDE-4F26-BD62-C2A8AAF9A6C0}"
EndProject
Project("{9A19103F-16F7-4668-BE54-9A1E7A4F7556}") = "Blob.Presentation", "Blob.Presentation\Blob.Presentation.csproj", "{DB50B94E-C054-46C9-A1B7-FFDF238D5362}"
EndProject
Project("{9A19103F-16F7-4668-BE54-9A1E7A4F7556}") = "Identity.Domain", "Identity.Domain\Identity.Domain.csproj", "{86EF6680-DE6D-493B-80DE-46A9695F9968}"
EndProject
Project("{9A19103F-16F7-4668-BE54-9A1E7A4F7556}") = "Identity.Application", "Identity.Application\Identity.Application.csproj", "{DEF05115-7D23-49CF-BA48-62360BE87E61}"
EndProject
Project("{9A19103F-16F7-4668-BE54-9A1E7A4F7556}") = "Identity.Infrastructure", "Identity.Infrastructure\Identity.Infrastructure.csproj", "{C4B05AB4-BE6B-4621-8243-0099C55BD54E}"
EndProject
Project("{9A19103F-16F7-4668-BE54-9A1E7A4F7556}") = "Identity.Presentation", "Identity.Presentation\Identity.Presentation.csproj", "{0394BBAC-1141-4FD2-A191-239647BDF244}"
EndProject
Project("{9A19103F-16F7-4668-BE54-9A1E7A4F7556}") = "Email.Application", "Email.Application\Email.Application.csproj", "{CA00F9AE-0E36-4573-AC29-F56323450C64}"
EndProject
Project("{9A19103F-16F7-4668-BE54-9A1E7A4F7556}") = "Email.Domain", "Email.Domain\Email.Domain.csproj", "{F2211C43-869D-4CD7-AE15-96DD9F296AC6}"
EndProject
Project("{9A19103F-16F7-4668-BE54-9A1E7A4F7556}") = "Email.Infrastructure", "Email.Infrastructure\Email.Infrastructure.csproj", "{AFA328EF-BD2D-4756-9A60-65F7C8FAED69}"
EndProject
Project("{9A19103F-16F7-4668-BE54-9A1E7A4F7556}") = "Email.Presentation", "Email.Presentation\Email.Presentation.csproj", "{CA96851E-8273-4ED8-A6B9-9E7783D7151B}"
EndProject
Project("{9A19103F-16F7-4668-BE54-9A1E7A4F7556}") = "Language.Application", "Language.Application\Language.Application.csproj", "{4344ADC1-F9DB-4C6B-B3AB-8AC1D00D70DB}"
EndProject
Project("{9A19103F-16F7-4668-BE54-9A1E7A4F7556}") = "Language.Domain", "Language.Domain\Language.Domain.csproj", "{AA56FAF7-49F5-492F-AEB3-27D79247C267}"
EndProject
Project("{9A19103F-16F7-4668-BE54-9A1E7A4F7556}") = "Language.Infrastructure", "Language.Infrastructure\Language.Infrastructure.csproj", "{36F77CFB-CCD9-400C-BEB1-339E6EC4A2A3}"
EndProject
Project("{9A19103F-16F7-4668-BE54-9A1E7A4F7556}") = "Language.Presentation", "Language.Presentation\Language.Presentation.csproj", "{382750BF-978F-4E24-B751-F6E9E4E7AD89}"
EndProject
Project("{2150E333-8FDC-42A3-9474-1A3956D46DE8}") = "BlobModule", "BlobModule", "{2FDC280B-4017-4389-8E63-BDC2C8DD5C3B}"
EndProject
Project("{2150E333-8FDC-42A3-9474-1A3956D46DE8}") = "EmailModule", "EmailModule", "{C8035348-E473-4E0F-B8BB-8165780510CD}"
EndProject
Project("{2150E333-8FDC-42A3-9474-1A3956D46DE8}") = "IdentityModule", "IdentityModule", "{95230936-0437-456E-81D7-F0CCD273FF2A}"
EndProject
Project("{2150E333-8FDC-42A3-9474-1A3956D46DE8}") = "LanguageModule", "LanguageModule", "{3143CB45-C3EE-4B60-8FB3-B69BC85EBAEC}"
EndProject
Project("{FAE04EC0-301F-11D3-BF4B-00C04F79EFBC}") = "Base.Presentation", "Base.Presentation\Base.Presentation.csproj", "{96E4FD19-30F6-4AB7-BA8D-0519C5A00954}"
EndProject
Global
	GlobalSection(SolutionConfigurationPlatforms) = preSolution
		Debug|Any CPU = Debug|Any CPU
		Release|Any CPU = Release|Any CPU
	EndGlobalSection
	GlobalSection(ProjectConfigurationPlatforms) = postSolution
		{319BFE13-8850-4844-A92F-35A3A7C1148B}.Debug|Any CPU.ActiveCfg = Debug|Any CPU
		{319BFE13-8850-4844-A92F-35A3A7C1148B}.Debug|Any CPU.Build.0 = Debug|Any CPU
		{319BFE13-8850-4844-A92F-35A3A7C1148B}.Release|Any CPU.ActiveCfg = Release|Any CPU
		{319BFE13-8850-4844-A92F-35A3A7C1148B}.Release|Any CPU.Build.0 = Release|Any CPU
		{5A98FDBA-DB4B-4030-83F1-D2E5EE0DE105}.Debug|Any CPU.ActiveCfg = Debug|Any CPU
		{5A98FDBA-DB4B-4030-83F1-D2E5EE0DE105}.Debug|Any CPU.Build.0 = Debug|Any CPU
		{5A98FDBA-DB4B-4030-83F1-D2E5EE0DE105}.Release|Any CPU.ActiveCfg = Release|Any CPU
		{5A98FDBA-DB4B-4030-83F1-D2E5EE0DE105}.Release|Any CPU.Build.0 = Release|Any CPU
		{F2EA9971-E043-4DB5-8E4F-445358892C33}.Debug|Any CPU.ActiveCfg = Debug|Any CPU
		{F2EA9971-E043-4DB5-8E4F-445358892C33}.Debug|Any CPU.Build.0 = Debug|Any CPU
		{F2EA9971-E043-4DB5-8E4F-445358892C33}.Release|Any CPU.ActiveCfg = Release|Any CPU
		{F2EA9971-E043-4DB5-8E4F-445358892C33}.Release|Any CPU.Build.0 = Release|Any CPU
		{2E8BEB50-84BD-40FC-81E1-4ACDE368093F}.Debug|Any CPU.ActiveCfg = Debug|Any CPU
		{2E8BEB50-84BD-40FC-81E1-4ACDE368093F}.Debug|Any CPU.Build.0 = Debug|Any CPU
		{2E8BEB50-84BD-40FC-81E1-4ACDE368093F}.Release|Any CPU.ActiveCfg = Release|Any CPU
		{2E8BEB50-84BD-40FC-81E1-4ACDE368093F}.Release|Any CPU.Build.0 = Release|Any CPU
		{2B156351-4968-4772-A490-CF0BC8760FDF}.Debug|Any CPU.ActiveCfg = Debug|Any CPU
		{2B156351-4968-4772-A490-CF0BC8760FDF}.Debug|Any CPU.Build.0 = Debug|Any CPU
		{2B156351-4968-4772-A490-CF0BC8760FDF}.Release|Any CPU.ActiveCfg = Release|Any CPU
		{2B156351-4968-4772-A490-CF0BC8760FDF}.Release|Any CPU.Build.0 = Release|Any CPU
		{46D6C789-3892-4B4D-811E-C9AF5179AD12}.Debug|Any CPU.ActiveCfg = Debug|Any CPU
		{46D6C789-3892-4B4D-811E-C9AF5179AD12}.Debug|Any CPU.Build.0 = Debug|Any CPU
		{46D6C789-3892-4B4D-811E-C9AF5179AD12}.Release|Any CPU.ActiveCfg = Release|Any CPU
		{46D6C789-3892-4B4D-811E-C9AF5179AD12}.Release|Any CPU.Build.0 = Release|Any CPU
		{30A53695-8B0D-4CAC-9459-0484357BC418}.Debug|Any CPU.ActiveCfg = Debug|Any CPU
		{30A53695-8B0D-4CAC-9459-0484357BC418}.Debug|Any CPU.Build.0 = Debug|Any CPU
		{30A53695-8B0D-4CAC-9459-0484357BC418}.Release|Any CPU.ActiveCfg = Release|Any CPU
		{30A53695-8B0D-4CAC-9459-0484357BC418}.Release|Any CPU.Build.0 = Release|Any CPU
		{6DF98CF9-3DDE-4F26-BD62-C2A8AAF9A6C0}.Debug|Any CPU.ActiveCfg = Debug|Any CPU
		{6DF98CF9-3DDE-4F26-BD62-C2A8AAF9A6C0}.Debug|Any CPU.Build.0 = Debug|Any CPU
		{6DF98CF9-3DDE-4F26-BD62-C2A8AAF9A6C0}.Release|Any CPU.ActiveCfg = Release|Any CPU
		{6DF98CF9-3DDE-4F26-BD62-C2A8AAF9A6C0}.Release|Any CPU.Build.0 = Release|Any CPU
		{DB50B94E-C054-46C9-A1B7-FFDF238D5362}.Debug|Any CPU.ActiveCfg = Debug|Any CPU
		{DB50B94E-C054-46C9-A1B7-FFDF238D5362}.Debug|Any CPU.Build.0 = Debug|Any CPU
		{DB50B94E-C054-46C9-A1B7-FFDF238D5362}.Release|Any CPU.ActiveCfg = Release|Any CPU
		{DB50B94E-C054-46C9-A1B7-FFDF238D5362}.Release|Any CPU.Build.0 = Release|Any CPU
		{86EF6680-DE6D-493B-80DE-46A9695F9968}.Debug|Any CPU.ActiveCfg = Debug|Any CPU
		{86EF6680-DE6D-493B-80DE-46A9695F9968}.Debug|Any CPU.Build.0 = Debug|Any CPU
		{86EF6680-DE6D-493B-80DE-46A9695F9968}.Release|Any CPU.ActiveCfg = Release|Any CPU
		{86EF6680-DE6D-493B-80DE-46A9695F9968}.Release|Any CPU.Build.0 = Release|Any CPU
		{DEF05115-7D23-49CF-BA48-62360BE87E61}.Debug|Any CPU.ActiveCfg = Debug|Any CPU
		{DEF05115-7D23-49CF-BA48-62360BE87E61}.Debug|Any CPU.Build.0 = Debug|Any CPU
		{DEF05115-7D23-49CF-BA48-62360BE87E61}.Release|Any CPU.ActiveCfg = Release|Any CPU
		{DEF05115-7D23-49CF-BA48-62360BE87E61}.Release|Any CPU.Build.0 = Release|Any CPU
		{C4B05AB4-BE6B-4621-8243-0099C55BD54E}.Debug|Any CPU.ActiveCfg = Debug|Any CPU
		{C4B05AB4-BE6B-4621-8243-0099C55BD54E}.Debug|Any CPU.Build.0 = Debug|Any CPU
		{C4B05AB4-BE6B-4621-8243-0099C55BD54E}.Release|Any CPU.ActiveCfg = Release|Any CPU
		{C4B05AB4-BE6B-4621-8243-0099C55BD54E}.Release|Any CPU.Build.0 = Release|Any CPU
		{0394BBAC-1141-4FD2-A191-239647BDF244}.Debug|Any CPU.ActiveCfg = Debug|Any CPU
		{0394BBAC-1141-4FD2-A191-239647BDF244}.Debug|Any CPU.Build.0 = Debug|Any CPU
		{0394BBAC-1141-4FD2-A191-239647BDF244}.Release|Any CPU.ActiveCfg = Release|Any CPU
		{0394BBAC-1141-4FD2-A191-239647BDF244}.Release|Any CPU.Build.0 = Release|Any CPU
		{CA00F9AE-0E36-4573-AC29-F56323450C64}.Debug|Any CPU.ActiveCfg = Debug|Any CPU
		{CA00F9AE-0E36-4573-AC29-F56323450C64}.Debug|Any CPU.Build.0 = Debug|Any CPU
		{CA00F9AE-0E36-4573-AC29-F56323450C64}.Release|Any CPU.ActiveCfg = Release|Any CPU
		{CA00F9AE-0E36-4573-AC29-F56323450C64}.Release|Any CPU.Build.0 = Release|Any CPU
		{F2211C43-869D-4CD7-AE15-96DD9F296AC6}.Debug|Any CPU.ActiveCfg = Debug|Any CPU
		{F2211C43-869D-4CD7-AE15-96DD9F296AC6}.Debug|Any CPU.Build.0 = Debug|Any CPU
		{F2211C43-869D-4CD7-AE15-96DD9F296AC6}.Release|Any CPU.ActiveCfg = Release|Any CPU
		{F2211C43-869D-4CD7-AE15-96DD9F296AC6}.Release|Any CPU.Build.0 = Release|Any CPU
		{AFA328EF-BD2D-4756-9A60-65F7C8FAED69}.Debug|Any CPU.ActiveCfg = Debug|Any CPU
		{AFA328EF-BD2D-4756-9A60-65F7C8FAED69}.Debug|Any CPU.Build.0 = Debug|Any CPU
		{AFA328EF-BD2D-4756-9A60-65F7C8FAED69}.Release|Any CPU.ActiveCfg = Release|Any CPU
		{AFA328EF-BD2D-4756-9A60-65F7C8FAED69}.Release|Any CPU.Build.0 = Release|Any CPU
		{CA96851E-8273-4ED8-A6B9-9E7783D7151B}.Debug|Any CPU.ActiveCfg = Debug|Any CPU
		{CA96851E-8273-4ED8-A6B9-9E7783D7151B}.Debug|Any CPU.Build.0 = Debug|Any CPU
		{CA96851E-8273-4ED8-A6B9-9E7783D7151B}.Release|Any CPU.ActiveCfg = Release|Any CPU
		{CA96851E-8273-4ED8-A6B9-9E7783D7151B}.Release|Any CPU.Build.0 = Release|Any CPU
		{4344ADC1-F9DB-4C6B-B3AB-8AC1D00D70DB}.Debug|Any CPU.ActiveCfg = Debug|Any CPU
		{4344ADC1-F9DB-4C6B-B3AB-8AC1D00D70DB}.Debug|Any CPU.Build.0 = Debug|Any CPU
		{4344ADC1-F9DB-4C6B-B3AB-8AC1D00D70DB}.Release|Any CPU.ActiveCfg = Release|Any CPU
		{4344ADC1-F9DB-4C6B-B3AB-8AC1D00D70DB}.Release|Any CPU.Build.0 = Release|Any CPU
		{AA56FAF7-49F5-492F-AEB3-27D79247C267}.Debug|Any CPU.ActiveCfg = Debug|Any CPU
		{AA56FAF7-49F5-492F-AEB3-27D79247C267}.Debug|Any CPU.Build.0 = Debug|Any CPU
		{AA56FAF7-49F5-492F-AEB3-27D79247C267}.Release|Any CPU.ActiveCfg = Release|Any CPU
		{AA56FAF7-49F5-492F-AEB3-27D79247C267}.Release|Any CPU.Build.0 = Release|Any CPU
		{36F77CFB-CCD9-400C-BEB1-339E6EC4A2A3}.Debug|Any CPU.ActiveCfg = Debug|Any CPU
		{36F77CFB-CCD9-400C-BEB1-339E6EC4A2A3}.Debug|Any CPU.Build.0 = Debug|Any CPU
		{36F77CFB-CCD9-400C-BEB1-339E6EC4A2A3}.Release|Any CPU.ActiveCfg = Release|Any CPU
		{36F77CFB-CCD9-400C-BEB1-339E6EC4A2A3}.Release|Any CPU.Build.0 = Release|Any CPU
		{382750BF-978F-4E24-B751-F6E9E4E7AD89}.Debug|Any CPU.ActiveCfg = Debug|Any CPU
		{382750BF-978F-4E24-B751-F6E9E4E7AD89}.Debug|Any CPU.Build.0 = Debug|Any CPU
		{382750BF-978F-4E24-B751-F6E9E4E7AD89}.Release|Any CPU.ActiveCfg = Release|Any CPU
		{382750BF-978F-4E24-B751-F6E9E4E7AD89}.Release|Any CPU.Build.0 = Release|Any CPU
		{96E4FD19-30F6-4AB7-BA8D-0519C5A00954}.Debug|Any CPU.ActiveCfg = Debug|Any CPU
		{96E4FD19-30F6-4AB7-BA8D-0519C5A00954}.Debug|Any CPU.Build.0 = Debug|Any CPU
		{96E4FD19-30F6-4AB7-BA8D-0519C5A00954}.Release|Any CPU.ActiveCfg = Release|Any CPU
		{96E4FD19-30F6-4AB7-BA8D-0519C5A00954}.Release|Any CPU.Build.0 = Release|Any CPU
	EndGlobalSection
	GlobalSection(SolutionProperties) = preSolution
		HideSolutionNode = FALSE
	EndGlobalSection
	GlobalSection(NestedProjects) = preSolution
		{5A98FDBA-DB4B-4030-83F1-D2E5EE0DE105} = {C1AFCDEE-4E74-4CF1-B831-84D53FE7C368}
		{F2EA9971-E043-4DB5-8E4F-445358892C33} = {C1AFCDEE-4E74-4CF1-B831-84D53FE7C368}
		{2E8BEB50-84BD-40FC-81E1-4ACDE368093F} = {C1AFCDEE-4E74-4CF1-B831-84D53FE7C368}
		{2B156351-4968-4772-A490-CF0BC8760FDF} = {C1AFCDEE-4E74-4CF1-B831-84D53FE7C368}
		{46D6C789-3892-4B4D-811E-C9AF5179AD12} = {2FDC280B-4017-4389-8E63-BDC2C8DD5C3B}
		{30A53695-8B0D-4CAC-9459-0484357BC418} = {2FDC280B-4017-4389-8E63-BDC2C8DD5C3B}
		{6DF98CF9-3DDE-4F26-BD62-C2A8AAF9A6C0} = {2FDC280B-4017-4389-8E63-BDC2C8DD5C3B}
		{DB50B94E-C054-46C9-A1B7-FFDF238D5362} = {2FDC280B-4017-4389-8E63-BDC2C8DD5C3B}
		{86EF6680-DE6D-493B-80DE-46A9695F9968} = {95230936-0437-456E-81D7-F0CCD273FF2A}
		{DEF05115-7D23-49CF-BA48-62360BE87E61} = {95230936-0437-456E-81D7-F0CCD273FF2A}
		{C4B05AB4-BE6B-4621-8243-0099C55BD54E} = {95230936-0437-456E-81D7-F0CCD273FF2A}
		{0394BBAC-1141-4FD2-A191-239647BDF244} = {95230936-0437-456E-81D7-F0CCD273FF2A}
		{CA00F9AE-0E36-4573-AC29-F56323450C64} = {C8035348-E473-4E0F-B8BB-8165780510CD}
		{F2211C43-869D-4CD7-AE15-96DD9F296AC6} = {C8035348-E473-4E0F-B8BB-8165780510CD}
		{AFA328EF-BD2D-4756-9A60-65F7C8FAED69} = {C8035348-E473-4E0F-B8BB-8165780510CD}
		{CA96851E-8273-4ED8-A6B9-9E7783D7151B} = {C8035348-E473-4E0F-B8BB-8165780510CD}
		{4344ADC1-F9DB-4C6B-B3AB-8AC1D00D70DB} = {3143CB45-C3EE-4B60-8FB3-B69BC85EBAEC}
		{AA56FAF7-49F5-492F-AEB3-27D79247C267} = {3143CB45-C3EE-4B60-8FB3-B69BC85EBAEC}
		{36F77CFB-CCD9-400C-BEB1-339E6EC4A2A3} = {3143CB45-C3EE-4B60-8FB3-B69BC85EBAEC}
		{382750BF-978F-4E24-B751-F6E9E4E7AD89} = {3143CB45-C3EE-4B60-8FB3-B69BC85EBAEC}
		{2FDC280B-4017-4389-8E63-BDC2C8DD5C3B} = {C73863BE-611E-479D-90C6-25D5FFE4AA88}
		{C8035348-E473-4E0F-B8BB-8165780510CD} = {C73863BE-611E-479D-90C6-25D5FFE4AA88}
		{95230936-0437-456E-81D7-F0CCD273FF2A} = {C73863BE-611E-479D-90C6-25D5FFE4AA88}
		{3143CB45-C3EE-4B60-8FB3-B69BC85EBAEC} = {C73863BE-611E-479D-90C6-25D5FFE4AA88}
		{96E4FD19-30F6-4AB7-BA8D-0519C5A00954} = {C1AFCDEE-4E74-4CF1-B831-84D53FE7C368}
	EndGlobalSection
	GlobalSection(ExtensibilityGlobals) = postSolution
		SolutionGuid = {EB70096C-560D-49A7-A8FD-667045E6B7CE}
	EndGlobalSection
EndGlobal
